{
  "name": "VILIBRAS_PHP",
  "lockfileVersion": 2,
  "requires": true,
  "packages": {
    "": {
      "dependencies": {
        "gsap": "^3.12.5",
        "lenis": "^1.1.4"
      }
    },
    "node_modules/@darkroom.engineering/tempus": {
      "version": "0.0.46",
      "resolved": "https://registry.npmjs.org/@darkroom.engineering/tempus/-/tempus-0.0.46.tgz",
      "integrity": "sha512-s5vav3KMHYezvUCl4ee5epg0oimF6M8C9gAaKxFnFaTvX2q3ywFDryIv6XLd0mRFUt3S1uHDJqKaiEcs2ZVSvw=="
    },
    "node_modules/gsap": {
      "version": "3.12.5",
      "resolved": "https://registry.npmjs.org/gsap/-/gsap-3.12.5.tgz",
      "integrity": "sha512-srBfnk4n+Oe/ZnMIOXt3gT605BX9x5+rh/prT2F1SsNJsU1XuMiP0E2aptW481OnonOGACZWBqseH5Z7csHxhQ=="
    },
    "node_modules/lenis": {
      "version": "1.1.4",
      "resolved": "https://registry.npmjs.org/lenis/-/lenis-1.1.4.tgz",
      "integrity": "sha512-VNbsie0YaP6946QpYw/n5zxyPyLKuqPO28T8FK7YBzIkG3FyfwEZkpPKqt6eQZJ9ofjxkfUM+A8YtPfNlTbSlQ==",
      "dependencies": {
        "@darkroom.engineering/tempus": "^0.0.46"
      },
      "funding": {
        "type": "github",
        "url": "https://github.com/sponsors/darkroomengineering"
      },
      "peerDependencies": {
        "react": ">=17.0.0",
        "react-dom": ">=17.0.0"
      },
      "peerDependenciesMeta": {
        "react": {
          "optional": true
        },
        "react-dom": {
          "optional": true
        }
      }
    }
  },
  "dependencies": {
    "@darkroom.engineering/tempus": {
      "version": "0.0.46",
      "resolved": "https://registry.npmjs.org/@darkroom.engineering/tempus/-/tempus-0.0.46.tgz",
      "integrity": "sha512-s5vav3KMHYezvUCl4ee5epg0oimF6M8C9gAaKxFnFaTvX2q3ywFDryIv6XLd0mRFUt3S1uHDJqKaiEcs2ZVSvw=="
    },
    "gsap": {
      "version": "3.12.5",
      "resolved": "https://registry.npmjs.org/gsap/-/gsap-3.12.5.tgz",
      "integrity": "sha512-srBfnk4n+Oe/ZnMIOXt3gT605BX9x5+rh/prT2F1SsNJsU1XuMiP0E2aptW481OnonOGACZWBqseH5Z7csHxhQ=="
    },
    "lenis": {
      "version": "1.1.4",
      "resolved": "https://registry.npmjs.org/lenis/-/lenis-1.1.4.tgz",
      "integrity": "sha512-VNbsie0YaP6946QpYw/n5zxyPyLKuqPO28T8FK7YBzIkG3FyfwEZkpPKqt6eQZJ9ofjxkfUM+A8YtPfNlTbSlQ==",
      "requires": {
        "@darkroom.engineering/tempus": "^0.0.46"
      }
    }
  }
}
